
Microsoft Visual Studio Solution File, Format Version 12.00
# Visual Studio Version 16
VisualStudioVersion = 16.0.31515.178
MinimumVisualStudioVersion = 10.0.40219.1
Project("{FAE04EC0-301F-11D3-BF4B-00C04F79EFBC}") = "WebApplication3", "WebApplication3\WebApplication3.csproj", "{2F043AE8-1508-444B-8B79-B849BE8A6B4B}"
EndProject
Global
	GlobalSection(SolutionConfigurationPlatforms) = preSolution
		Debug|Any CPU = Debug|Any CPU
		Release|Any CPU = Release|Any CPU
	EndGlobalSection
	GlobalSection(ProjectConfigurationPlatforms) = postSolution
		{2F043AE8-1508-444B-8B79-B849BE8A6B4B}.Debug|Any CPU.ActiveCfg = Debug|Any CPU
		{2F043AE8-1508-444B-8B79-B849BE8A6B4B}.Debug|Any CPU.Build.0 = Debug|Any CPU
		{2F043AE8-1508-444B-8B79-B849BE8A6B4B}.Release|Any CPU.ActiveCfg = Release|Any CPU
		{2F043AE8-1508-444B-8B79-B849BE8A6B4B}.Release|Any CPU.Build.0 = Release|Any CPU
	EndGlobalSection
	GlobalSection(SolutionProperties) = preSolution
		HideSolutionNode = FALSE
	EndGlobalSection
	GlobalSection(ExtensibilityGlobals) = postSolution
		SolutionGuid = {280AA235-E281-47F2-8C0E-F7A9D37DAF34}
	EndGlobalSection
EndGlobal
